
Microsoft Visual Studio Solution File, Format Version 12.00
# Visual Studio 15
VisualStudioVersion = 15.0.27428.2015
MinimumVisualStudioVersion = 10.0.40219.1
Project("{FAE04EC0-301F-11D3-BF4B-00C04F79EFBC}") = "HRMSWin", "HRMSWin\HRMSWin.csproj", "{E93D057D-42A3-4B2E-89C8-C4AD5B24039A}"
EndProject
Global
	GlobalSection(SolutionConfigurationPlatforms) = preSolution
		Debug|Any CPU = Debug|Any CPU
		Release|Any CPU = Release|Any CPU
	EndGlobalSection
	GlobalSection(ProjectConfigurationPlatforms) = postSolution
		{E93D057D-42A3-4B2E-89C8-C4AD5B24039A}.Debug|Any CPU.ActiveCfg = Debug|Any CPU
		{E93D057D-42A3-4B2E-89C8-C4AD5B24039A}.Debug|Any CPU.Build.0 = Debug|Any CPU
		{E93D057D-42A3-4B2E-89C8-C4AD5B24039A}.Release|Any CPU.ActiveCfg = Release|Any CPU
		{E93D057D-42A3-4B2E-89C8-C4AD5B24039A}.Release|Any CPU.Build.0 = Release|Any CPU
	EndGlobalSection
	GlobalSection(SolutionProperties) = preSolution
		HideSolutionNode = FALSE
	EndGlobalSection
	GlobalSection(ExtensibilityGlobals) = postSolution
		SolutionGuid = {F50D23A2-1BF6-4FE1-966B-EB08A46E748D}
	EndGlobalSection
EndGlobal
